
Microsoft Visual Studio Solution File, Format Version 11.00
# Visual Studio 2010
Project("{8BC9CEB8-8B4A-11D0-8D11-00A0C91BC942}") = "ProyectoDiccionario", "ProyectoDiccionario\ProyectoDiccionario.vcxproj", "{3660A9B2-C723-40D6-80AF-ADA5CFDFC920}"
EndProject
Global
	GlobalSection(SolutionConfigurationPlatforms) = preSolution
		Debug|Win32 = Debug|Win32
		Release|Win32 = Release|Win32
	EndGlobalSection
	GlobalSection(ProjectConfigurationPlatforms) = postSolution
		{3660A9B2-C723-40D6-80AF-ADA5CFDFC920}.Debug|Win32.ActiveCfg = Debug|Win32
		{3660A9B2-C723-40D6-80AF-ADA5CFDFC920}.Debug|Win32.Build.0 = Debug|Win32
		{3660A9B2-C723-40D6-80AF-ADA5CFDFC920}.Release|Win32.ActiveCfg = Release|Win32
		{3660A9B2-C723-40D6-80AF-ADA5CFDFC920}.Release|Win32.Build.0 = Release|Win32
	EndGlobalSection
	GlobalSection(SolutionProperties) = preSolution
		HideSolutionNode = FALSE
	EndGlobalSection
EndGlobal
